{
  "name": "jsdemo",
  "version": "1.0.0",
  "lockfileVersion": 3,
  "requires": true,
  "packages": {
    "": {
      "name": "jsdemo",
      "version": "1.0.0",
      "license": "ISC",
      "dependencies": {
        "@hypertheory-labs/validation-lib": "file:../validation-lib/hypertheory-labs-validation-lib-0.1.0.tgz"
      }
    },
    "node_modules/@hypertheory-labs/validation-lib": {
      "version": "0.1.0",
      "resolved": "file:../validation-lib/hypertheory-labs-validation-lib-0.1.0.tgz",
      "integrity": "sha512-YeVAOX/TWDi67hOMmPDRorZ8ngGN6a/OdOchlaAUVVc3ARn4r0I9ab9evuS//yx9ecEIubOBa3wyvUU0qXvgBw=="
    }
  }
}
